github.com/jdbaldry/go-language-server-protocol v0.0.0-20211013214444-3022da0884b2 h1:t0A10MAY8Z3eeBIBzlzrPpdjsag6Biuxq8iMCHmdGU8=
github.com/jdbaldry/go-language-server-protocol v0.0.0-20211013214444-3022da0884b2/go.mod h1:Hp8QDOEcdn4aDZ+DFTda+smIB0b5MvII4Q0Jo0y2VkA=
golang.org/x/xerrors v0.0.0-20200804184101-5ec99f83aff1 h1:go1bK/D/BFZV2I8cIQd1NKEZ+0owSTG1fDTci4IqFcE=
golang.org/x/xerrors v0.0.0-20200804184101-5ec99f83aff1/go.mod h1:I/5z698sn9Ka8TeJc9MKroUUfqBBauWjQqLJ2OPfmY0=
